
Microsoft Visual Studio Solution File, Format Version 12.00
Project("{FAE04EC0-301F-11D3-BF4B-00C04F79EFBC}") = "APIGateway", "APIGateway\APIGateway.csproj", "{130AB101-03B0-4002-972A-EAC85F07C4F0}"
EndProject
Project("{FAE04EC0-301F-11D3-BF4B-00C04F79EFBC}") = "CityService", "CityService\CityService.csproj", "{2B412243-655E-4B3B-803A-756C299149F3}"
EndProject
Project("{FAE04EC0-301F-11D3-BF4B-00C04F79EFBC}") = "RouteService", "RouteService\RouteService.csproj", "{A2FBE361-DD47-4565-824A-6CD9ACC4B474}"
EndProject
Global
	GlobalSection(SolutionConfigurationPlatforms) = preSolution
		Debug|Any CPU = Debug|Any CPU
		Release|Any CPU = Release|Any CPU
	EndGlobalSection
	GlobalSection(ProjectConfigurationPlatforms) = postSolution
		{130AB101-03B0-4002-972A-EAC85F07C4F0}.Debug|Any CPU.ActiveCfg = Debug|Any CPU
		{130AB101-03B0-4002-972A-EAC85F07C4F0}.Debug|Any CPU.Build.0 = Debug|Any CPU
		{130AB101-03B0-4002-972A-EAC85F07C4F0}.Release|Any CPU.ActiveCfg = Release|Any CPU
		{130AB101-03B0-4002-972A-EAC85F07C4F0}.Release|Any CPU.Build.0 = Release|Any CPU
		{2B412243-655E-4B3B-803A-756C299149F3}.Debug|Any CPU.ActiveCfg = Debug|Any CPU
		{2B412243-655E-4B3B-803A-756C299149F3}.Debug|Any CPU.Build.0 = Debug|Any CPU
		{2B412243-655E-4B3B-803A-756C299149F3}.Release|Any CPU.ActiveCfg = Release|Any CPU
		{2B412243-655E-4B3B-803A-756C299149F3}.Release|Any CPU.Build.0 = Release|Any CPU
		{A2FBE361-DD47-4565-824A-6CD9ACC4B474}.Debug|Any CPU.ActiveCfg = Debug|Any CPU
		{A2FBE361-DD47-4565-824A-6CD9ACC4B474}.Debug|Any CPU.Build.0 = Debug|Any CPU
		{A2FBE361-DD47-4565-824A-6CD9ACC4B474}.Release|Any CPU.ActiveCfg = Release|Any CPU
		{A2FBE361-DD47-4565-824A-6CD9ACC4B474}.Release|Any CPU.Build.0 = Release|Any CPU
	EndGlobalSection
EndGlobal
